
Microsoft Visual Studio Solution File, Format Version 12.00
# Visual Studio Version 16
VisualStudioVersion = 16.0.30104.148
MinimumVisualStudioVersion = 10.0.40219.1
Project("{FAE04EC0-301F-11D3-BF4B-00C04F79EFBC}") = "CustomSearch", "CustomSearch.csproj", "{26254E18-3A63-4472-AAA2-45687A522A77}"
EndProject
Global
	GlobalSection(SolutionConfigurationPlatforms) = preSolution
		Debug|Any CPU = Debug|Any CPU
		Release|Any CPU = Release|Any CPU
	EndGlobalSection
	GlobalSection(ProjectConfigurationPlatforms) = postSolution
		{26254E18-3A63-4472-AAA2-45687A522A77}.Debug|Any CPU.ActiveCfg = Debug|Any CPU
		{26254E18-3A63-4472-AAA2-45687A522A77}.Debug|Any CPU.Build.0 = Debug|Any CPU
		{26254E18-3A63-4472-AAA2-45687A522A77}.Release|Any CPU.ActiveCfg = Release|Any CPU
		{26254E18-3A63-4472-AAA2-45687A522A77}.Release|Any CPU.Build.0 = Release|Any CPU
	EndGlobalSection
	GlobalSection(SolutionProperties) = preSolution
		HideSolutionNode = FALSE
	EndGlobalSection
	GlobalSection(ExtensibilityGlobals) = postSolution
		SolutionGuid = {31428BF4-02A8-45A8-BDA0-80D3B1DBB92A}
	EndGlobalSection
EndGlobal
