
Microsoft Visual Studio Solution File, Format Version 12.00
# Visual Studio Version 16
VisualStudioVersion = 16.0.30104.148
MinimumVisualStudioVersion = 10.0.40219.1
Project("{FAE04EC0-301F-11D3-BF4B-00C04F79EFBC}") = "ChatBot", "ChatBot.csproj", "{BC9B6C4F-67F1-41CC-858B-BD567B8D58EE}"
EndProject
Global
	GlobalSection(SolutionConfigurationPlatforms) = preSolution
		Debug|Any CPU = Debug|Any CPU
		Release|Any CPU = Release|Any CPU
	EndGlobalSection
	GlobalSection(ProjectConfigurationPlatforms) = postSolution
		{BC9B6C4F-67F1-41CC-858B-BD567B8D58EE}.Debug|Any CPU.ActiveCfg = Debug|Any CPU
		{BC9B6C4F-67F1-41CC-858B-BD567B8D58EE}.Debug|Any CPU.Build.0 = Debug|Any CPU
		{BC9B6C4F-67F1-41CC-858B-BD567B8D58EE}.Release|Any CPU.ActiveCfg = Release|Any CPU
		{BC9B6C4F-67F1-41CC-858B-BD567B8D58EE}.Release|Any CPU.Build.0 = Release|Any CPU
	EndGlobalSection
	GlobalSection(SolutionProperties) = preSolution
		HideSolutionNode = FALSE
	EndGlobalSection
	GlobalSection(ExtensibilityGlobals) = postSolution
		SolutionGuid = {69F06192-CE3A-4745-8A47-99247E6A9AE2}
	EndGlobalSection
EndGlobal
